# Generated by pub
# See http://pub.dartlang.org/doc/glossary.html#lockfile
packages:
  archive:
    description: archive
    source: hosted
    version: "1.0.0"
  browser:
    description: browser
    source: hosted
    version: "0.9.0"
  crypto:
    description: crypto
    source: hosted
    version: "0.8.10+3"
  meta:
    description: meta
    source: hosted
    version: "0.8.8"
  path:
    description: path
    source: hosted
    version: "0.8.10+3"
  stack_trace:
    description: stack_trace
    source: hosted
    version: "0.8.10+3"
  unittest:
    description: unittest
    source: hosted
    version: "0.8.10+3"
  xml:
    description: xml
    source: hosted
    version: "0.9.5"
